// !$*UTF8*$!
{
	archiveVersion = 1;
	classes = {
	};
	objectVersion = 56;
	objects = {

/* Begin PBXBuildFile section */
		7C68378C29A637F3001C243C /* AppDelegate.swift in Sources */ = {isa = PBXBuildFile; fileRef = 7C68378B29A637F3001C243C /* AppDelegate.swift */; };
		7C68378E29A637F3001C243C /* SceneDelegate.swift in Sources */ = {isa = PBXBuildFile; fileRef = 7C68378D29A637F3001C243C /* SceneDelegate.swift */; };
		7C68379029A637F3001C243C /* AuthorizationViewController.swift in Sources */ = {isa = PBXBuildFile; fileRef = 7C68378F29A637F3001C243C /* AuthorizationViewController.swift */; };
		7C68379529A637F4001C243C /* Assets.xcassets in Resources */ = {isa = PBXBuildFile; fileRef = 7C68379429A637F4001C243C /* Assets.xcassets */; };
		7C68379829A637F4001C243C /* LaunchScreen.storyboard in Resources */ = {isa = PBXBuildFile; fileRef = 7C68379629A637F4001C243C /* LaunchScreen.storyboard */; };
		7C6837AB29A63B0E001C243C /* AuthorizationPresenter.swift in Sources */ = {isa = PBXBuildFile; fileRef = 7C6837AA29A63B0E001C243C /* AuthorizationPresenter.swift */; };
		7C6837AE29A648E6001C243C /* UIImageView + load.swift in Sources */ = {isa = PBXBuildFile; fileRef = 7C6837AD29A648E6001C243C /* UIImageView + load.swift */; };
		7C6837B029A64953001C243C /* LLAuthTextField.swift in Sources */ = {isa = PBXBuildFile; fileRef = 7C6837AF29A64953001C243C /* LLAuthTextField.swift */; };
		7C6837B329A65139001C243C /* APIProvider.swift in Sources */ = {isa = PBXBuildFile; fileRef = 7C6837B229A65139001C243C /* APIProvider.swift */; };
		7C6837B629A65398001C243C /* AuthServiceImpl.swift in Sources */ = {isa = PBXBuildFile; fileRef = 7C6837B529A65398001C243C /* AuthServiceImpl.swift */; };
		7C6837BA29A65922001C243C /* ViewFactory.swift in Sources */ = {isa = PBXBuildFile; fileRef = 7C6837B929A65922001C243C /* ViewFactory.swift */; };
		7C6837BC29A65933001C243C /* Router.swift in Sources */ = {isa = PBXBuildFile; fileRef = 7C6837BB29A65933001C243C /* Router.swift */; };
		7CB80F2A29A76DCB00750B8D /* CaptchaResponseModel.swift in Sources */ = {isa = PBXBuildFile; fileRef = 7CB80F2929A76DCB00750B8D /* CaptchaResponseModel.swift */; };
		7CB80F2C29A7748800750B8D /* String + base64.swift in Sources */ = {isa = PBXBuildFile; fileRef = 7CB80F2B29A7748800750B8D /* String + base64.swift */; };
		7CB80F2E29A77ED000750B8D /* AuthResponseModel.swift in Sources */ = {isa = PBXBuildFile; fileRef = 7CB80F2D29A77ED000750B8D /* AuthResponseModel.swift */; };
		7CB80F3029A77F3B00750B8D /* AuthRequestModel.swift in Sources */ = {isa = PBXBuildFile; fileRef = 7CB80F2F29A77F3B00750B8D /* AuthRequestModel.swift */; };
		7CB80F3229A7A63300750B8D /* BadResponseModel.swift in Sources */ = {isa = PBXBuildFile; fileRef = 7CB80F3129A7A63300750B8D /* BadResponseModel.swift */; };
		7CB80F3529A7B5F800750B8D /* KeychainHelper.swift in Sources */ = {isa = PBXBuildFile; fileRef = 7CB80F3429A7B5F800750B8D /* KeychainHelper.swift */; };
		7CB80F3929A7BC0900750B8D /* ProfileViewController.swift in Sources */ = {isa = PBXBuildFile; fileRef = 7CB80F3829A7BC0900750B8D /* ProfileViewController.swift */; };
		7CB80F3B29A7BC4000750B8D /* ProfilePresenter.swift in Sources */ = {isa = PBXBuildFile; fileRef = 7CB80F3A29A7BC4000750B8D /* ProfilePresenter.swift */; };
		7CB80F3E29A7BDE400750B8D /* LLButton.swift in Sources */ = {isa = PBXBuildFile; fileRef = 7CB80F3D29A7BDE400750B8D /* LLButton.swift */; };
		7CB80F4129A7D0C800750B8D /* SystemSymbol.swift in Sources */ = {isa = PBXBuildFile; fileRef = 7CB80F4029A7D0C800750B8D /* SystemSymbol.swift */; };
		7CB80F4329A7D15100750B8D /* DefaultsKeys.swift in Sources */ = {isa = PBXBuildFile; fileRef = 7CB80F4229A7D15100750B8D /* DefaultsKeys.swift */; };
		7CB80F4529A7D24900750B8D /* Constants.swift in Sources */ = {isa = PBXBuildFile; fileRef = 7CB80F4429A7D24900750B8D /* Constants.swift */; };
		7CB80F4729A7D7DA00750B8D /* UserInfoModel.swift in Sources */ = {isa = PBXBuildFile; fileRef = 7CB80F4629A7D7DA00750B8D /* UserInfoModel.swift */; };
/* End PBXBuildFile section */

/* Begin PBXFileReference section */
		7C68378829A637F3001C243C /* LoginLogoutApp.app */ = {isa = PBXFileReference; explicitFileType = wrapper.application; includeInIndex = 0; path = LoginLogoutApp.app; sourceTree = BUILT_PRODUCTS_DIR; };
		7C68378B29A637F3001C243C /* AppDelegate.swift */ = {isa = PBXFileReference; lastKnownFileType = sourcecode.swift; path = AppDelegate.swift; sourceTree = "<group>"; };
		7C68378D29A637F3001C243C /* SceneDelegate.swift */ = {isa = PBXFileReference; lastKnownFileType = sourcecode.swift; path = SceneDelegate.swift; sourceTree = "<group>"; };
		7C68378F29A637F3001C243C /* AuthorizationViewController.swift */ = {isa = PBXFileReference; lastKnownFileType = sourcecode.swift; path = AuthorizationViewController.swift; sourceTree = "<group>"; };
		7C68379429A637F4001C243C /* Assets.xcassets */ = {isa = PBXFileReference; lastKnownFileType = folder.assetcatalog; path = Assets.xcassets; sourceTree = "<group>"; };
		7C68379729A637F4001C243C /* Base */ = {isa = PBXFileReference; lastKnownFileType = file.storyboard; name = Base; path = Base.lproj/LaunchScreen.storyboard; sourceTree = "<group>"; };
		7C68379929A637F4001C243C /* Info.plist */ = {isa = PBXFileReference; lastKnownFileType = text.plist.xml; path = Info.plist; sourceTree = "<group>"; };
		7C6837AA29A63B0E001C243C /* AuthorizationPresenter.swift */ = {isa = PBXFileReference; lastKnownFileType = sourcecode.swift; path = AuthorizationPresenter.swift; sourceTree = "<group>"; };
		7C6837AD29A648E6001C243C /* UIImageView + load.swift */ = {isa = PBXFileReference; lastKnownFileType = sourcecode.swift; path = "UIImageView + load.swift"; sourceTree = "<group>"; };
		7C6837AF29A64953001C243C /* LLAuthTextField.swift */ = {isa = PBXFileReference; lastKnownFileType = sourcecode.swift; path = LLAuthTextField.swift; sourceTree = "<group>"; };
		7C6837B229A65139001C243C /* APIProvider.swift */ = {isa = PBXFileReference; lastKnownFileType = sourcecode.swift; path = APIProvider.swift; sourceTree = "<group>"; };
		7C6837B529A65398001C243C /* AuthServiceImpl.swift */ = {isa = PBXFileReference; lastKnownFileType = sourcecode.swift; path = AuthServiceImpl.swift; sourceTree = "<group>"; };
		7C6837B929A65922001C243C /* ViewFactory.swift */ = {isa = PBXFileReference; lastKnownFileType = sourcecode.swift; path = ViewFactory.swift; sourceTree = "<group>"; };
		7C6837BB29A65933001C243C /* Router.swift */ = {isa = PBXFileReference; lastKnownFileType = sourcecode.swift; path = Router.swift; sourceTree = "<group>"; };
		7CB80F2929A76DCB00750B8D /* CaptchaResponseModel.swift */ = {isa = PBXFileReference; lastKnownFileType = sourcecode.swift; path = CaptchaResponseModel.swift; sourceTree = "<group>"; };
		7CB80F2B29A7748800750B8D /* String + base64.swift */ = {isa = PBXFileReference; lastKnownFileType = sourcecode.swift; path = "String + base64.swift"; sourceTree = "<group>"; };
		7CB80F2D29A77ED000750B8D /* AuthResponseModel.swift */ = {isa = PBXFileReference; lastKnownFileType = sourcecode.swift; path = AuthResponseModel.swift; sourceTree = "<group>"; };
		7CB80F2F29A77F3B00750B8D /* AuthRequestModel.swift */ = {isa = PBXFileReference; lastKnownFileType = sourcecode.swift; path = AuthRequestModel.swift; sourceTree = "<group>"; };
		7CB80F3129A7A63300750B8D /* BadResponseModel.swift */ = {isa = PBXFileReference; lastKnownFileType = sourcecode.swift; path = BadResponseModel.swift; sourceTree = "<group>"; };
		7CB80F3429A7B5F800750B8D /* KeychainHelper.swift */ = {isa = PBXFileReference; lastKnownFileType = sourcecode.swift; path = KeychainHelper.swift; sourceTree = "<group>"; };
		7CB80F3829A7BC0900750B8D /* ProfileViewController.swift */ = {isa = PBXFileReference; lastKnownFileType = sourcecode.swift; path = ProfileViewController.swift; sourceTree = "<group>"; };
		7CB80F3A29A7BC4000750B8D /* ProfilePresenter.swift */ = {isa = PBXFileReference; lastKnownFileType = sourcecode.swift; path = ProfilePresenter.swift; sourceTree = "<group>"; };
		7CB80F3D29A7BDE400750B8D /* LLButton.swift */ = {isa = PBXFileReference; lastKnownFileType = sourcecode.swift; path = LLButton.swift; sourceTree = "<group>"; };
		7CB80F4029A7D0C800750B8D /* SystemSymbol.swift */ = {isa = PBXFileReference; lastKnownFileType = sourcecode.swift; path = SystemSymbol.swift; sourceTree = "<group>"; };
		7CB80F4229A7D15100750B8D /* DefaultsKeys.swift */ = {isa = PBXFileReference; lastKnownFileType = sourcecode.swift; path = DefaultsKeys.swift; sourceTree = "<group>"; };
		7CB80F4429A7D24900750B8D /* Constants.swift */ = {isa = PBXFileReference; lastKnownFileType = sourcecode.swift; path = Constants.swift; sourceTree = "<group>"; };
		7CB80F4629A7D7DA00750B8D /* UserInfoModel.swift */ = {isa = PBXFileReference; lastKnownFileType = sourcecode.swift; path = UserInfoModel.swift; sourceTree = "<group>"; };
/* End PBXFileReference section */

/* Begin PBXFrameworksBuildPhase section */
		7C68378529A637F3001C243C /* Frameworks */ = {
			isa = PBXFrameworksBuildPhase;
			buildActionMask = 2147483647;
			files = (
			);
			runOnlyForDeploymentPostprocessing = 0;
		};
/* End PBXFrameworksBuildPhase section */

/* Begin PBXGroup section */
		7C68377F29A637F3001C243C = {
			isa = PBXGroup;
			children = (
				7C68378A29A637F3001C243C /* LoginLogoutApp */,
				7C68378929A637F3001C243C /* Products */,
			);
			sourceTree = "<group>";
		};
		7C68378929A637F3001C243C /* Products */ = {
			isa = PBXGroup;
			children = (
				7C68378829A637F3001C243C /* LoginLogoutApp.app */,
			);
			name = Products;
			sourceTree = "<group>";
		};
		7C68378A29A637F3001C243C /* LoginLogoutApp */ = {
			isa = PBXGroup;
			children = (
				7C68379F29A6392F001C243C /* Configuration */,
				7C6837A029A639DD001C243C /* Common */,
				7C6837A329A63A1D001C243C /* Modules */,
				7C6837A229A63A08001C243C /* Resourses */,
			);
			path = LoginLogoutApp;
			sourceTree = "<group>";
		};
		7C68379F29A6392F001C243C /* Configuration */ = {
			isa = PBXGroup;
			children = (
				7C68379929A637F4001C243C /* Info.plist */,
			);
			path = Configuration;
			sourceTree = "<group>";
		};
		7C6837A029A639DD001C243C /* Common */ = {
			isa = PBXGroup;
			children = (
				7C6837A129A639E8001C243C /* Application */,
				7C6837B829A6590B001C243C /* Assemblers */,
				7C6837B129A65126001C243C /* Network */,
				7C6837B429A6538B001C243C /* AuthService */,
				7CB80F3329A7B5DE00750B8D /* KeychainHelper */,
				7C6837B729A6539E001C243C /* Models */,
				7C6837AC29A648D2001C243C /* Extensions */,
				7CB80F3C29A7BDB400750B8D /* Core */,
				7CB80F3F29A7D0A100750B8D /* Util */,
			);
			path = Common;
			sourceTree = "<group>";
		};
		7C6837A129A639E8001C243C /* Application */ = {
			isa = PBXGroup;
			children = (
				7C68378B29A637F3001C243C /* AppDelegate.swift */,
				7C68378D29A637F3001C243C /* SceneDelegate.swift */,
			);
			path = Application;
			sourceTree = "<group>";
		};
		7C6837A229A63A08001C243C /* Resourses */ = {
			isa = PBXGroup;
			children = (
				7C68379429A637F4001C243C /* Assets.xcassets */,
				7C68379629A637F4001C243C /* LaunchScreen.storyboard */,
			);
			path = Resourses;
			sourceTree = "<group>";
		};
		7C6837A329A63A1D001C243C /* Modules */ = {
			isa = PBXGroup;
			children = (
				7C6837A429A63A3E001C243C /* AuthorizationModule */,
				7C6837A529A63A63001C243C /* ProfileModule */,
			);
			path = Modules;
			sourceTree = "<group>";
		};
		7C6837A429A63A3E001C243C /* AuthorizationModule */ = {
			isa = PBXGroup;
			children = (
				7C6837A729A63A81001C243C /* Presenter */,
				7C6837A629A63A77001C243C /* View */,
			);
			path = AuthorizationModule;
			sourceTree = "<group>";
		};
		7C6837A529A63A63001C243C /* ProfileModule */ = {
			isa = PBXGroup;
			children = (
				7C6837A929A63A8F001C243C /* Presenter */,
				7C6837A829A63A89001C243C /* View */,
			);
			path = ProfileModule;
			sourceTree = "<group>";
		};
		7C6837A629A63A77001C243C /* View */ = {
			isa = PBXGroup;
			children = (
				7C68378F29A637F3001C243C /* AuthorizationViewController.swift */,
			);
			path = View;
			sourceTree = "<group>";
		};
		7C6837A729A63A81001C243C /* Presenter */ = {
			isa = PBXGroup;
			children = (
				7C6837AA29A63B0E001C243C /* AuthorizationPresenter.swift */,
			);
			path = Presenter;
			sourceTree = "<group>";
		};
		7C6837A829A63A89001C243C /* View */ = {
			isa = PBXGroup;
			children = (
				7CB80F3829A7BC0900750B8D /* ProfileViewController.swift */,
			);
			path = View;
			sourceTree = "<group>";
		};
		7C6837A929A63A8F001C243C /* Presenter */ = {
			isa = PBXGroup;
			children = (
				7CB80F3A29A7BC4000750B8D /* ProfilePresenter.swift */,
			);
			path = Presenter;
			sourceTree = "<group>";
		};
		7C6837AC29A648D2001C243C /* Extensions */ = {
			isa = PBXGroup;
			children = (
				7C6837AD29A648E6001C243C /* UIImageView + load.swift */,
				7CB80F2B29A7748800750B8D /* String + base64.swift */,
			);
			path = Extensions;
			sourceTree = "<group>";
		};
		7C6837B129A65126001C243C /* Network */ = {
			isa = PBXGroup;
			children = (
				7C6837B229A65139001C243C /* APIProvider.swift */,
			);
			path = Network;
			sourceTree = "<group>";
		};
		7C6837B429A6538B001C243C /* AuthService */ = {
			isa = PBXGroup;
			children = (
				7C6837B529A65398001C243C /* AuthServiceImpl.swift */,
			);
			path = AuthService;
			sourceTree = "<group>";
		};
		7C6837B729A6539E001C243C /* Models */ = {
			isa = PBXGroup;
			children = (
				7CB80F2929A76DCB00750B8D /* CaptchaResponseModel.swift */,
				7CB80F2D29A77ED000750B8D /* AuthResponseModel.swift */,
				7CB80F2F29A77F3B00750B8D /* AuthRequestModel.swift */,
				7CB80F3129A7A63300750B8D /* BadResponseModel.swift */,
				7CB80F4629A7D7DA00750B8D /* UserInfoModel.swift */,
			);
			path = Models;
			sourceTree = "<group>";
		};
		7C6837B829A6590B001C243C /* Assemblers */ = {
			isa = PBXGroup;
			children = (
				7C6837B929A65922001C243C /* ViewFactory.swift */,
				7C6837BB29A65933001C243C /* Router.swift */,
			);
			path = Assemblers;
			sourceTree = "<group>";
		};
		7CB80F3329A7B5DE00750B8D /* KeychainHelper */ = {
			isa = PBXGroup;
			children = (
				7CB80F3429A7B5F800750B8D /* KeychainHelper.swift */,
			);
			path = KeychainHelper;
			sourceTree = "<group>";
		};
		7CB80F3C29A7BDB400750B8D /* Core */ = {
			isa = PBXGroup;
			children = (
				7CB80F3D29A7BDE400750B8D /* LLButton.swift */,
				7C6837AF29A64953001C243C /* LLAuthTextField.swift */,
			);
			path = Core;
			sourceTree = "<group>";
		};
		7CB80F3F29A7D0A100750B8D /* Util */ = {
			isa = PBXGroup;
			children = (
				7CB80F4029A7D0C800750B8D /* SystemSymbol.swift */,
				7CB80F4229A7D15100750B8D /* DefaultsKeys.swift */,
				7CB80F4429A7D24900750B8D /* Constants.swift */,
			);
			path = Util;
			sourceTree = "<group>";
		};
/* End PBXGroup section */

/* Begin PBXNativeTarget section */
		7C68378729A637F3001C243C /* LoginLogoutApp */ = {
			isa = PBXNativeTarget;
			buildConfigurationList = 7C68379C29A637F4001C243C /* Build configuration list for PBXNativeTarget "LoginLogoutApp" */;
			buildPhases = (
				7C68378429A637F3001C243C /* Sources */,
				7C68378529A637F3001C243C /* Frameworks */,
				7C68378629A637F3001C243C /* Resources */,
			);
			buildRules = (
			);
			dependencies = (
			);
			name = LoginLogoutApp;
			productName = LoginLogoutApp;
			productReference = 7C68378829A637F3001C243C /* LoginLogoutApp.app */;
			productType = "com.apple.product-type.application";
		};
/* End PBXNativeTarget section */

/* Begin PBXProject section */
		7C68378029A637F3001C243C /* Project object */ = {
			isa = PBXProject;
			attributes = {
				BuildIndependentTargetsInParallel = 1;
				LastSwiftUpdateCheck = 1420;
				LastUpgradeCheck = 1420;
				TargetAttributes = {
					7C68378729A637F3001C243C = {
						CreatedOnToolsVersion = 14.2;
					};
				};
			};
			buildConfigurationList = 7C68378329A637F3001C243C /* Build configuration list for PBXProject "LoginLogoutApp" */;
			compatibilityVersion = "Xcode 14.0";
			developmentRegion = en;
			hasScannedForEncodings = 0;
			knownRegions = (
				en,
				Base,
			);
			mainGroup = 7C68377F29A637F3001C243C;
			productRefGroup = 7C68378929A637F3001C243C /* Products */;
			projectDirPath = "";
			projectRoot = "";
			targets = (
				7C68378729A637F3001C243C /* LoginLogoutApp */,
			);
		};
/* End PBXProject section */

/* Begin PBXResourcesBuildPhase section */
		7C68378629A637F3001C243C /* Resources */ = {
			isa = PBXResourcesBuildPhase;
			buildActionMask = 2147483647;
			files = (
				7C68379829A637F4001C243C /* LaunchScreen.storyboard in Resources */,
				7C68379529A637F4001C243C /* Assets.xcassets in Resources */,
			);
			runOnlyForDeploymentPostprocessing = 0;
		};
/* End PBXResourcesBuildPhase section */

/* Begin PBXSourcesBuildPhase section */
		7C68378429A637F3001C243C /* Sources */ = {
			isa = PBXSourcesBuildPhase;
			buildActionMask = 2147483647;
			files = (
				7C6837AB29A63B0E001C243C /* AuthorizationPresenter.swift in Sources */,
				7CB80F4529A7D24900750B8D /* Constants.swift in Sources */,
				7CB80F4329A7D15100750B8D /* DefaultsKeys.swift in Sources */,
				7CB80F2A29A76DCB00750B8D /* CaptchaResponseModel.swift in Sources */,
				7C68379029A637F3001C243C /* AuthorizationViewController.swift in Sources */,
				7CB80F2C29A7748800750B8D /* String + base64.swift in Sources */,
				7CB80F4129A7D0C800750B8D /* SystemSymbol.swift in Sources */,
				7C6837BC29A65933001C243C /* Router.swift in Sources */,
				7CB80F4729A7D7DA00750B8D /* UserInfoModel.swift in Sources */,
				7C6837B329A65139001C243C /* APIProvider.swift in Sources */,
				7C6837B029A64953001C243C /* LLAuthTextField.swift in Sources */,
				7CB80F3929A7BC0900750B8D /* ProfileViewController.swift in Sources */,
				7C6837BA29A65922001C243C /* ViewFactory.swift in Sources */,
				7C68378C29A637F3001C243C /* AppDelegate.swift in Sources */,
				7CB80F3229A7A63300750B8D /* BadResponseModel.swift in Sources */,
				7CB80F3E29A7BDE400750B8D /* LLButton.swift in Sources */,
				7CB80F3029A77F3B00750B8D /* AuthRequestModel.swift in Sources */,
				7CB80F3529A7B5F800750B8D /* KeychainHelper.swift in Sources */,
				7CB80F2E29A77ED000750B8D /* AuthResponseModel.swift in Sources */,
				7CB80F3B29A7BC4000750B8D /* ProfilePresenter.swift in Sources */,
				7C68378E29A637F3001C243C /* SceneDelegate.swift in Sources */,
				7C6837AE29A648E6001C243C /* UIImageView + load.swift in Sources */,
				7C6837B629A65398001C243C /* AuthServiceImpl.swift in Sources */,
			);
			runOnlyForDeploymentPostprocessing = 0;
		};
/* End PBXSourcesBuildPhase section */

/* Begin PBXVariantGroup section */
		7C68379629A637F4001C243C /* LaunchScreen.storyboard */ = {
			isa = PBXVariantGroup;
			children = (
				7C68379729A637F4001C243C /* Base */,
			);
			name = LaunchScreen.storyboard;
			sourceTree = "<group>";
		};
/* End PBXVariantGroup section */

/* Begin XCBuildConfiguration section */
		7C68379A29A637F4001C243C /* Debug */ = {
			isa = XCBuildConfiguration;
			buildSettings = {
				ALWAYS_SEARCH_USER_PATHS = NO;
				CLANG_ANALYZER_NONNULL = YES;
				CLANG_ANALYZER_NUMBER_OBJECT_CONVERSION = YES_AGGRESSIVE;
				CLANG_CXX_LANGUAGE_STANDARD = "gnu++20";
				CLANG_ENABLE_MODULES = YES;
				CLANG_ENABLE_OBJC_ARC = YES;
				CLANG_ENABLE_OBJC_WEAK = YES;
				CLANG_WARN_BLOCK_CAPTURE_AUTORELEASING = YES;
				CLANG_WARN_BOOL_CONVERSION = YES;
				CLANG_WARN_COMMA = YES;
				CLANG_WARN_CONSTANT_CONVERSION = YES;
				CLANG_WARN_DEPRECATED_OBJC_IMPLEMENTATIONS = YES;
				CLANG_WARN_DIRECT_OBJC_ISA_USAGE = YES_ERROR;
				CLANG_WARN_DOCUMENTATION_COMMENTS = YES;
				CLANG_WARN_EMPTY_BODY = YES;
				CLANG_WARN_ENUM_CONVERSION = YES;
				CLANG_WARN_INFINITE_RECURSION = YES;
				CLANG_WARN_INT_CONVERSION = YES;
				CLANG_WARN_NON_LITERAL_NULL_CONVERSION = YES;
				CLANG_WARN_OBJC_IMPLICIT_RETAIN_SELF = YES;
				CLANG_WARN_OBJC_LITERAL_CONVERSION = YES;
				CLANG_WARN_OBJC_ROOT_CLASS = YES_ERROR;
				CLANG_WARN_QUOTED_INCLUDE_IN_FRAMEWORK_HEADER = YES;
				CLANG_WARN_RANGE_LOOP_ANALYSIS = YES;
				CLANG_WARN_STRICT_PROTOTYPES = YES;
				CLANG_WARN_SUSPICIOUS_MOVE = YES;
				CLANG_WARN_UNGUARDED_AVAILABILITY = YES_AGGRESSIVE;
				CLANG_WARN_UNREACHABLE_CODE = YES;
				CLANG_WARN__DUPLICATE_METHOD_MATCH = YES;
				COPY_PHASE_STRIP = NO;
				DEBUG_INFORMATION_FORMAT = dwarf;
				ENABLE_STRICT_OBJC_MSGSEND = YES;
				ENABLE_TESTABILITY = YES;
				GCC_C_LANGUAGE_STANDARD = gnu11;
				GCC_DYNAMIC_NO_PIC = NO;
				GCC_NO_COMMON_BLOCKS = YES;
				GCC_OPTIMIZATION_LEVEL = 0;
				GCC_PREPROCESSOR_DEFINITIONS = (
					"DEBUG=1",
					"$(inherited)",
				);
				GCC_WARN_64_TO_32_BIT_CONVERSION = YES;
				GCC_WARN_ABOUT_RETURN_TYPE = YES_ERROR;
				GCC_WARN_UNDECLARED_SELECTOR = YES;
				GCC_WARN_UNINITIALIZED_AUTOS = YES_AGGRESSIVE;
				GCC_WARN_UNUSED_FUNCTION = YES;
				GCC_WARN_UNUSED_VARIABLE = YES;
				IPHONEOS_DEPLOYMENT_TARGET = 14.0;
				MTL_ENABLE_DEBUG_INFO = INCLUDE_SOURCE;
				MTL_FAST_MATH = YES;
				ONLY_ACTIVE_ARCH = YES;
				SDKROOT = iphoneos;
				SWIFT_ACTIVE_COMPILATION_CONDITIONS = DEBUG;
				SWIFT_OPTIMIZATION_LEVEL = "-Onone";
			};
			name = Debug;
		};
		7C68379B29A637F4001C243C /* Release */ = {
			isa = XCBuildConfiguration;
			buildSettings = {
				ALWAYS_SEARCH_USER_PATHS = NO;
				CLANG_ANALYZER_NONNULL = YES;
				CLANG_ANALYZER_NUMBER_OBJECT_CONVERSION = YES_AGGRESSIVE;
				CLANG_CXX_LANGUAGE_STANDARD = "gnu++20";
				CLANG_ENABLE_MODULES = YES;
				CLANG_ENABLE_OBJC_ARC = YES;
				CLANG_ENABLE_OBJC_WEAK = YES;
				CLANG_WARN_BLOCK_CAPTURE_AUTORELEASING = YES;
				CLANG_WARN_BOOL_CONVERSION = YES;
				CLANG_WARN_COMMA = YES;
				CLANG_WARN_CONSTANT_CONVERSION = YES;
				CLANG_WARN_DEPRECATED_OBJC_IMPLEMENTATIONS = YES;
				CLANG_WARN_DIRECT_OBJC_ISA_USAGE = YES_ERROR;
				CLANG_WARN_DOCUMENTATION_COMMENTS = YES;
				CLANG_WARN_EMPTY_BODY = YES;
				CLANG_WARN_ENUM_CONVERSION = YES;
				CLANG_WARN_INFINITE_RECURSION = YES;
				CLANG_WARN_INT_CONVERSION = YES;
				CLANG_WARN_NON_LITERAL_NULL_CONVERSION = YES;
				CLANG_WARN_OBJC_IMPLICIT_RETAIN_SELF = YES;
				CLANG_WARN_OBJC_LITERAL_CONVERSION = YES;
				CLANG_WARN_OBJC_ROOT_CLASS = YES_ERROR;
				CLANG_WARN_QUOTED_INCLUDE_IN_FRAMEWORK_HEADER = YES;
				CLANG_WARN_RANGE_LOOP_ANALYSIS = YES;
				CLANG_WARN_STRICT_PROTOTYPES = YES;
				CLANG_WARN_SUSPICIOUS_MOVE = YES;
				CLANG_WARN_UNGUARDED_AVAILABILITY = YES_AGGRESSIVE;
				CLANG_WARN_UNREACHABLE_CODE = YES;
				CLANG_WARN__DUPLICATE_METHOD_MATCH = YES;
				COPY_PHASE_STRIP = NO;
				DEBUG_INFORMATION_FORMAT = "dwarf-with-dsym";
				ENABLE_NS_ASSERTIONS = NO;
				ENABLE_STRICT_OBJC_MSGSEND = YES;
				GCC_C_LANGUAGE_STANDARD = gnu11;
				GCC_NO_COMMON_BLOCKS = YES;
				GCC_WARN_64_TO_32_BIT_CONVERSION = YES;
				GCC_WARN_ABOUT_RETURN_TYPE = YES_ERROR;
				GCC_WARN_UNDECLARED_SELECTOR = YES;
				GCC_WARN_UNINITIALIZED_AUTOS = YES_AGGRESSIVE;
				GCC_WARN_UNUSED_FUNCTION = YES;
				GCC_WARN_UNUSED_VARIABLE = YES;
				IPHONEOS_DEPLOYMENT_TARGET = 14.0;
				MTL_ENABLE_DEBUG_INFO = NO;
				MTL_FAST_MATH = YES;
				SDKROOT = iphoneos;
				SWIFT_COMPILATION_MODE = wholemodule;
				SWIFT_OPTIMIZATION_LEVEL = "-O";
				VALIDATE_PRODUCT = YES;
			};
			name = Release;
		};
		7C68379D29A637F4001C243C /* Debug */ = {
			isa = XCBuildConfiguration;
			buildSettings = {
				ASSETCATALOG_COMPILER_APPICON_NAME = AppIcon;
				ASSETCATALOG_COMPILER_GLOBAL_ACCENT_COLOR_NAME = AccentColor;
				CODE_SIGN_STYLE = Automatic;
				CURRENT_PROJECT_VERSION = 1;
				DEVELOPMENT_TEAM = MYR4RY57UC;
				GENERATE_INFOPLIST_FILE = YES;
				INFOPLIST_FILE = LoginLogoutApp/Configuration/Info.plist;
				INFOPLIST_KEY_UIApplicationSupportsIndirectInputEvents = YES;
				INFOPLIST_KEY_UILaunchStoryboardName = LaunchScreen;
				INFOPLIST_KEY_UIMainStoryboardFile = "";
				INFOPLIST_KEY_UISupportedInterfaceOrientations = UIInterfaceOrientationPortrait;
				INFOPLIST_KEY_UISupportedInterfaceOrientations_iPad = "UIInterfaceOrientationPortrait UIInterfaceOrientationPortraitUpsideDown";
				IPHONEOS_DEPLOYMENT_TARGET = 14.0;
				LD_RUNPATH_SEARCH_PATHS = (
					"$(inherited)",
					"@executable_path/Frameworks",
				);
				MARKETING_VERSION = 1.0;
				PRODUCT_BUNDLE_IDENTIFIER = com.zhoraagadzhanyan.LoginLogoutApp;
				PRODUCT_NAME = "$(TARGET_NAME)";
				SUPPORTED_PLATFORMS = "iphoneos iphonesimulator";
				SUPPORTS_MACCATALYST = NO;
				SUPPORTS_MAC_DESIGNED_FOR_IPHONE_IPAD = NO;
				SWIFT_EMIT_LOC_STRINGS = YES;
				SWIFT_VERSION = 5.0;
				TARGETED_DEVICE_FAMILY = "1,2";
			};
			name = Debug;
		};
		7C68379E29A637F4001C243C /* Release */ = {
			isa = XCBuildConfiguration;
			buildSettings = {
				ASSETCATALOG_COMPILER_APPICON_NAME = AppIcon;
				ASSETCATALOG_COMPILER_GLOBAL_ACCENT_COLOR_NAME = AccentColor;
				CODE_SIGN_STYLE = Automatic;
				CURRENT_PROJECT_VERSION = 1;
				DEVELOPMENT_TEAM = MYR4RY57UC;
				GENERATE_INFOPLIST_FILE = YES;
				INFOPLIST_FILE = LoginLogoutApp/Configuration/Info.plist;
				INFOPLIST_KEY_UIApplicationSupportsIndirectInputEvents = YES;
				INFOPLIST_KEY_UILaunchStoryboardName = LaunchScreen;
				INFOPLIST_KEY_UIMainStoryboardFile = "";
				INFOPLIST_KEY_UISupportedInterfaceOrientations = UIInterfaceOrientationPortrait;
				INFOPLIST_KEY_UISupportedInterfaceOrientations_iPad = "UIInterfaceOrientationPortrait UIInterfaceOrientationPortraitUpsideDown";
				IPHONEOS_DEPLOYMENT_TARGET = 14.0;
				LD_RUNPATH_SEARCH_PATHS = (
					"$(inherited)",
					"@executable_path/Frameworks",
				);
				MARKETING_VERSION = 1.0;
				PRODUCT_BUNDLE_IDENTIFIER = com.zhoraagadzhanyan.LoginLogoutApp;
				PRODUCT_NAME = "$(TARGET_NAME)";
				SUPPORTED_PLATFORMS = "iphoneos iphonesimulator";
				SUPPORTS_MACCATALYST = NO;
				SUPPORTS_MAC_DESIGNED_FOR_IPHONE_IPAD = NO;
				SWIFT_EMIT_LOC_STRINGS = YES;
				SWIFT_VERSION = 5.0;
				TARGETED_DEVICE_FAMILY = "1,2";
			};
			name = Release;
		};
/* End XCBuildConfiguration section */

/* Begin XCConfigurationList section */
		7C68378329A637F3001C243C /* Build configuration list for PBXProject "LoginLogoutApp" */ = {
			isa = XCConfigurationList;
			buildConfigurations = (
				7C68379A29A637F4001C243C /* Debug */,
				7C68379B29A637F4001C243C /* Release */,
			);
			defaultConfigurationIsVisible = 0;
			defaultConfigurationName = Release;
		};
		7C68379C29A637F4001C243C /* Build configuration list for PBXNativeTarget "LoginLogoutApp" */ = {
			isa = XCConfigurationList;
			buildConfigurations = (
				7C68379D29A637F4001C243C /* Debug */,
				7C68379E29A637F4001C243C /* Release */,
			);
			defaultConfigurationIsVisible = 0;
			defaultConfigurationName = Release;
		};
/* End XCConfigurationList section */
	};
	rootObject = 7C68378029A637F3001C243C /* Project object */;
}
